
Microsoft Visual Studio Solution File, Format Version 12.00
# Visual Studio Version 16
VisualStudioVersion = 16.0.30001.183
MinimumVisualStudioVersion = 15.0.26124.0
Project("{9A19103F-16F7-4668-BE54-9A1E7A4F7556}") = "Game.Library", "Game.Library\Game.Library.csproj", "{B31982E4-82F0-46D9-B435-276ED952CB71}"
EndProject
Project("{9A19103F-16F7-4668-BE54-9A1E7A4F7556}") = "Parrallax.Eightway", "Parrallax.Eightway\Parrallax.Eightway.csproj", "{5C134F31-DA9F-4F4B-A4FE-AAB3FD5F7DC8}"
EndProject
Project("{9A19103F-16F7-4668-BE54-9A1E7A4F7556}") = "InputTests", "InputTests\InputTests.csproj", "{A2A7B0C4-8478-46A1-84D3-65F13E4E09DE}"
EndProject
Project("{2150E333-8FDC-42A3-9474-1A3956D46DE8}") = "Library", "Library", "{8F956017-E634-4713-ABF2-E6BEDF210719}"
EndProject
Project("{2150E333-8FDC-42A3-9474-1A3956D46DE8}") = "Tests", "Tests", "{19F738F0-2738-489D-AA34-DDBCD491C1F2}"
EndProject
Project("{9A19103F-16F7-4668-BE54-9A1E7A4F7556}") = "GameData", "GameData\GameData.csproj", "{54C2343F-AE27-47AF-AF1A-4A448E312297}"
EndProject
Project("{9A19103F-16F7-4668-BE54-9A1E7A4F7556}") = "BasicJeep", "BasicJeep\BasicJeep.csproj", "{25E545FD-967A-4C1B-8824-320C0345E454}"
EndProject
Project("{9A19103F-16F7-4668-BE54-9A1E7A4F7556}") = "MovingManAnimation", "MovingManAnimation\MovingManAnimation.csproj", "{05F46670-54ED-4FE8-B381-6971B021AC5D}"
EndProject
Project("{9A19103F-16F7-4668-BE54-9A1E7A4F7556}") = "AnimationAgain", "AnimationAgain\AnimationAgain.csproj", "{763B8AD9-AEFE-4651-8AEE-FD7D7FAB5E6B}"
EndProject
Project("{2150E333-8FDC-42A3-9474-1A3956D46DE8}") = "Obsolete", "Obsolete", "{A5C90EA5-287D-470E-A3F7-D8E3D11B61CE}"
EndProject
Project("{9A19103F-16F7-4668-BE54-9A1E7A4F7556}") = "Character.Container", "Character.Container\Character.Container.csproj", "{7E2AFA21-444A-4138-B25F-8655CAB59EA0}"
EndProject
Project("{FAE04EC0-301F-11D3-BF4B-00C04F79EFBC}") = "Collisions", "Collisions\Collisions.csproj", "{1CA6F863-BD6F-4712-BE7A-BDF9C2A27F24}"
EndProject
Global
	GlobalSection(SolutionConfigurationPlatforms) = preSolution
		Debug|Any CPU = Debug|Any CPU
		Debug|x64 = Debug|x64
		Debug|x86 = Debug|x86
		Release|Any CPU = Release|Any CPU
		Release|x64 = Release|x64
		Release|x86 = Release|x86
	EndGlobalSection
	GlobalSection(ProjectConfigurationPlatforms) = postSolution
		{B31982E4-82F0-46D9-B435-276ED952CB71}.Debug|Any CPU.ActiveCfg = Debug|Any CPU
		{B31982E4-82F0-46D9-B435-276ED952CB71}.Debug|Any CPU.Build.0 = Debug|Any CPU
		{B31982E4-82F0-46D9-B435-276ED952CB71}.Debug|x64.ActiveCfg = Debug|Any CPU
		{B31982E4-82F0-46D9-B435-276ED952CB71}.Debug|x64.Build.0 = Debug|Any CPU
		{B31982E4-82F0-46D9-B435-276ED952CB71}.Debug|x86.ActiveCfg = Debug|Any CPU
		{B31982E4-82F0-46D9-B435-276ED952CB71}.Debug|x86.Build.0 = Debug|Any CPU
		{B31982E4-82F0-46D9-B435-276ED952CB71}.Release|Any CPU.ActiveCfg = Release|Any CPU
		{B31982E4-82F0-46D9-B435-276ED952CB71}.Release|Any CPU.Build.0 = Release|Any CPU
		{B31982E4-82F0-46D9-B435-276ED952CB71}.Release|x64.ActiveCfg = Release|Any CPU
		{B31982E4-82F0-46D9-B435-276ED952CB71}.Release|x64.Build.0 = Release|Any CPU
		{B31982E4-82F0-46D9-B435-276ED952CB71}.Release|x86.ActiveCfg = Release|Any CPU
		{B31982E4-82F0-46D9-B435-276ED952CB71}.Release|x86.Build.0 = Release|Any CPU
		{5C134F31-DA9F-4F4B-A4FE-AAB3FD5F7DC8}.Debug|Any CPU.ActiveCfg = Debug|Any CPU
		{5C134F31-DA9F-4F4B-A4FE-AAB3FD5F7DC8}.Debug|Any CPU.Build.0 = Debug|Any CPU
		{5C134F31-DA9F-4F4B-A4FE-AAB3FD5F7DC8}.Debug|x64.ActiveCfg = Debug|Any CPU
		{5C134F31-DA9F-4F4B-A4FE-AAB3FD5F7DC8}.Debug|x64.Build.0 = Debug|Any CPU
		{5C134F31-DA9F-4F4B-A4FE-AAB3FD5F7DC8}.Debug|x86.ActiveCfg = Debug|Any CPU
		{5C134F31-DA9F-4F4B-A4FE-AAB3FD5F7DC8}.Debug|x86.Build.0 = Debug|Any CPU
		{5C134F31-DA9F-4F4B-A4FE-AAB3FD5F7DC8}.Release|Any CPU.ActiveCfg = Release|Any CPU
		{5C134F31-DA9F-4F4B-A4FE-AAB3FD5F7DC8}.Release|Any CPU.Build.0 = Release|Any CPU
		{5C134F31-DA9F-4F4B-A4FE-AAB3FD5F7DC8}.Release|x64.ActiveCfg = Release|Any CPU
		{5C134F31-DA9F-4F4B-A4FE-AAB3FD5F7DC8}.Release|x64.Build.0 = Release|Any CPU
		{5C134F31-DA9F-4F4B-A4FE-AAB3FD5F7DC8}.Release|x86.ActiveCfg = Release|Any CPU
		{5C134F31-DA9F-4F4B-A4FE-AAB3FD5F7DC8}.Release|x86.Build.0 = Release|Any CPU
		{A2A7B0C4-8478-46A1-84D3-65F13E4E09DE}.Debug|Any CPU.ActiveCfg = Debug|Any CPU
		{A2A7B0C4-8478-46A1-84D3-65F13E4E09DE}.Debug|Any CPU.Build.0 = Debug|Any CPU
		{A2A7B0C4-8478-46A1-84D3-65F13E4E09DE}.Debug|x64.ActiveCfg = Debug|Any CPU
		{A2A7B0C4-8478-46A1-84D3-65F13E4E09DE}.Debug|x64.Build.0 = Debug|Any CPU
		{A2A7B0C4-8478-46A1-84D3-65F13E4E09DE}.Debug|x86.ActiveCfg = Debug|Any CPU
		{A2A7B0C4-8478-46A1-84D3-65F13E4E09DE}.Debug|x86.Build.0 = Debug|Any CPU
		{A2A7B0C4-8478-46A1-84D3-65F13E4E09DE}.Release|Any CPU.ActiveCfg = Release|Any CPU
		{A2A7B0C4-8478-46A1-84D3-65F13E4E09DE}.Release|Any CPU.Build.0 = Release|Any CPU
		{A2A7B0C4-8478-46A1-84D3-65F13E4E09DE}.Release|x64.ActiveCfg = Release|Any CPU
		{A2A7B0C4-8478-46A1-84D3-65F13E4E09DE}.Release|x64.Build.0 = Release|Any CPU
		{A2A7B0C4-8478-46A1-84D3-65F13E4E09DE}.Release|x86.ActiveCfg = Release|Any CPU
		{A2A7B0C4-8478-46A1-84D3-65F13E4E09DE}.Release|x86.Build.0 = Release|Any CPU
		{54C2343F-AE27-47AF-AF1A-4A448E312297}.Debug|Any CPU.ActiveCfg = Debug|Any CPU
		{54C2343F-AE27-47AF-AF1A-4A448E312297}.Debug|Any CPU.Build.0 = Debug|Any CPU
		{54C2343F-AE27-47AF-AF1A-4A448E312297}.Debug|x64.ActiveCfg = Debug|Any CPU
		{54C2343F-AE27-47AF-AF1A-4A448E312297}.Debug|x64.Build.0 = Debug|Any CPU
		{54C2343F-AE27-47AF-AF1A-4A448E312297}.Debug|x86.ActiveCfg = Debug|Any CPU
		{54C2343F-AE27-47AF-AF1A-4A448E312297}.Debug|x86.Build.0 = Debug|Any CPU
		{54C2343F-AE27-47AF-AF1A-4A448E312297}.Release|Any CPU.ActiveCfg = Release|Any CPU
		{54C2343F-AE27-47AF-AF1A-4A448E312297}.Release|Any CPU.Build.0 = Release|Any CPU
		{54C2343F-AE27-47AF-AF1A-4A448E312297}.Release|x64.ActiveCfg = Release|Any CPU
		{54C2343F-AE27-47AF-AF1A-4A448E312297}.Release|x64.Build.0 = Release|Any CPU
		{54C2343F-AE27-47AF-AF1A-4A448E312297}.Release|x86.ActiveCfg = Release|Any CPU
		{54C2343F-AE27-47AF-AF1A-4A448E312297}.Release|x86.Build.0 = Release|Any CPU
		{25E545FD-967A-4C1B-8824-320C0345E454}.Debug|Any CPU.ActiveCfg = Debug|Any CPU
		{25E545FD-967A-4C1B-8824-320C0345E454}.Debug|Any CPU.Build.0 = Debug|Any CPU
		{25E545FD-967A-4C1B-8824-320C0345E454}.Debug|x64.ActiveCfg = Debug|Any CPU
		{25E545FD-967A-4C1B-8824-320C0345E454}.Debug|x64.Build.0 = Debug|Any CPU
		{25E545FD-967A-4C1B-8824-320C0345E454}.Debug|x86.ActiveCfg = Debug|Any CPU
		{25E545FD-967A-4C1B-8824-320C0345E454}.Debug|x86.Build.0 = Debug|Any CPU
		{25E545FD-967A-4C1B-8824-320C0345E454}.Release|Any CPU.ActiveCfg = Release|Any CPU
		{25E545FD-967A-4C1B-8824-320C0345E454}.Release|Any CPU.Build.0 = Release|Any CPU
		{25E545FD-967A-4C1B-8824-320C0345E454}.Release|x64.ActiveCfg = Release|Any CPU
		{25E545FD-967A-4C1B-8824-320C0345E454}.Release|x64.Build.0 = Release|Any CPU
		{25E545FD-967A-4C1B-8824-320C0345E454}.Release|x86.ActiveCfg = Release|Any CPU
		{25E545FD-967A-4C1B-8824-320C0345E454}.Release|x86.Build.0 = Release|Any CPU
		{05F46670-54ED-4FE8-B381-6971B021AC5D}.Debug|Any CPU.ActiveCfg = Debug|Any CPU
		{05F46670-54ED-4FE8-B381-6971B021AC5D}.Debug|Any CPU.Build.0 = Debug|Any CPU
		{05F46670-54ED-4FE8-B381-6971B021AC5D}.Debug|x64.ActiveCfg = Debug|Any CPU
		{05F46670-54ED-4FE8-B381-6971B021AC5D}.Debug|x64.Build.0 = Debug|Any CPU
		{05F46670-54ED-4FE8-B381-6971B021AC5D}.Debug|x86.ActiveCfg = Debug|Any CPU
		{05F46670-54ED-4FE8-B381-6971B021AC5D}.Debug|x86.Build.0 = Debug|Any CPU
		{05F46670-54ED-4FE8-B381-6971B021AC5D}.Release|Any CPU.ActiveCfg = Release|Any CPU
		{05F46670-54ED-4FE8-B381-6971B021AC5D}.Release|Any CPU.Build.0 = Release|Any CPU
		{05F46670-54ED-4FE8-B381-6971B021AC5D}.Release|x64.ActiveCfg = Release|Any CPU
		{05F46670-54ED-4FE8-B381-6971B021AC5D}.Release|x64.Build.0 = Release|Any CPU
		{05F46670-54ED-4FE8-B381-6971B021AC5D}.Release|x86.ActiveCfg = Release|Any CPU
		{05F46670-54ED-4FE8-B381-6971B021AC5D}.Release|x86.Build.0 = Release|Any CPU
		{763B8AD9-AEFE-4651-8AEE-FD7D7FAB5E6B}.Debug|Any CPU.ActiveCfg = Debug|Any CPU
		{763B8AD9-AEFE-4651-8AEE-FD7D7FAB5E6B}.Debug|Any CPU.Build.0 = Debug|Any CPU
		{763B8AD9-AEFE-4651-8AEE-FD7D7FAB5E6B}.Debug|x64.ActiveCfg = Debug|Any CPU
		{763B8AD9-AEFE-4651-8AEE-FD7D7FAB5E6B}.Debug|x64.Build.0 = Debug|Any CPU
		{763B8AD9-AEFE-4651-8AEE-FD7D7FAB5E6B}.Debug|x86.ActiveCfg = Debug|Any CPU
		{763B8AD9-AEFE-4651-8AEE-FD7D7FAB5E6B}.Debug|x86.Build.0 = Debug|Any CPU
		{763B8AD9-AEFE-4651-8AEE-FD7D7FAB5E6B}.Release|Any CPU.ActiveCfg = Release|Any CPU
		{763B8AD9-AEFE-4651-8AEE-FD7D7FAB5E6B}.Release|Any CPU.Build.0 = Release|Any CPU
		{763B8AD9-AEFE-4651-8AEE-FD7D7FAB5E6B}.Release|x64.ActiveCfg = Release|Any CPU
		{763B8AD9-AEFE-4651-8AEE-FD7D7FAB5E6B}.Release|x64.Build.0 = Release|Any CPU
		{763B8AD9-AEFE-4651-8AEE-FD7D7FAB5E6B}.Release|x86.ActiveCfg = Release|Any CPU
		{763B8AD9-AEFE-4651-8AEE-FD7D7FAB5E6B}.Release|x86.Build.0 = Release|Any CPU
		{7E2AFA21-444A-4138-B25F-8655CAB59EA0}.Debug|Any CPU.ActiveCfg = Debug|Any CPU
		{7E2AFA21-444A-4138-B25F-8655CAB59EA0}.Debug|Any CPU.Build.0 = Debug|Any CPU
		{7E2AFA21-444A-4138-B25F-8655CAB59EA0}.Debug|x64.ActiveCfg = Debug|Any CPU
		{7E2AFA21-444A-4138-B25F-8655CAB59EA0}.Debug|x64.Build.0 = Debug|Any CPU
		{7E2AFA21-444A-4138-B25F-8655CAB59EA0}.Debug|x86.ActiveCfg = Debug|Any CPU
		{7E2AFA21-444A-4138-B25F-8655CAB59EA0}.Debug|x86.Build.0 = Debug|Any CPU
		{7E2AFA21-444A-4138-B25F-8655CAB59EA0}.Release|Any CPU.ActiveCfg = Release|Any CPU
		{7E2AFA21-444A-4138-B25F-8655CAB59EA0}.Release|Any CPU.Build.0 = Release|Any CPU
		{7E2AFA21-444A-4138-B25F-8655CAB59EA0}.Release|x64.ActiveCfg = Release|Any CPU
		{7E2AFA21-444A-4138-B25F-8655CAB59EA0}.Release|x64.Build.0 = Release|Any CPU
		{7E2AFA21-444A-4138-B25F-8655CAB59EA0}.Release|x86.ActiveCfg = Release|Any CPU
		{7E2AFA21-444A-4138-B25F-8655CAB59EA0}.Release|x86.Build.0 = Release|Any CPU
		{1CA6F863-BD6F-4712-BE7A-BDF9C2A27F24}.Debug|Any CPU.ActiveCfg = Debug|Any CPU
		{1CA6F863-BD6F-4712-BE7A-BDF9C2A27F24}.Debug|Any CPU.Build.0 = Debug|Any CPU
		{1CA6F863-BD6F-4712-BE7A-BDF9C2A27F24}.Debug|x64.ActiveCfg = Debug|Any CPU
		{1CA6F863-BD6F-4712-BE7A-BDF9C2A27F24}.Debug|x64.Build.0 = Debug|Any CPU
		{1CA6F863-BD6F-4712-BE7A-BDF9C2A27F24}.Debug|x86.ActiveCfg = Debug|Any CPU
		{1CA6F863-BD6F-4712-BE7A-BDF9C2A27F24}.Debug|x86.Build.0 = Debug|Any CPU
		{1CA6F863-BD6F-4712-BE7A-BDF9C2A27F24}.Release|Any CPU.ActiveCfg = Release|Any CPU
		{1CA6F863-BD6F-4712-BE7A-BDF9C2A27F24}.Release|Any CPU.Build.0 = Release|Any CPU
		{1CA6F863-BD6F-4712-BE7A-BDF9C2A27F24}.Release|x64.ActiveCfg = Release|Any CPU
		{1CA6F863-BD6F-4712-BE7A-BDF9C2A27F24}.Release|x64.Build.0 = Release|Any CPU
		{1CA6F863-BD6F-4712-BE7A-BDF9C2A27F24}.Release|x86.ActiveCfg = Release|Any CPU
		{1CA6F863-BD6F-4712-BE7A-BDF9C2A27F24}.Release|x86.Build.0 = Release|Any CPU
	EndGlobalSection
	GlobalSection(SolutionProperties) = preSolution
		HideSolutionNode = FALSE
	EndGlobalSection
	GlobalSection(NestedProjects) = preSolution
		{B31982E4-82F0-46D9-B435-276ED952CB71} = {8F956017-E634-4713-ABF2-E6BEDF210719}
		{5C134F31-DA9F-4F4B-A4FE-AAB3FD5F7DC8} = {19F738F0-2738-489D-AA34-DDBCD491C1F2}
		{A2A7B0C4-8478-46A1-84D3-65F13E4E09DE} = {19F738F0-2738-489D-AA34-DDBCD491C1F2}
		{54C2343F-AE27-47AF-AF1A-4A448E312297} = {8F956017-E634-4713-ABF2-E6BEDF210719}
		{25E545FD-967A-4C1B-8824-320C0345E454} = {19F738F0-2738-489D-AA34-DDBCD491C1F2}
		{05F46670-54ED-4FE8-B381-6971B021AC5D} = {A5C90EA5-287D-470E-A3F7-D8E3D11B61CE}
		{763B8AD9-AEFE-4651-8AEE-FD7D7FAB5E6B} = {19F738F0-2738-489D-AA34-DDBCD491C1F2}
		{A5C90EA5-287D-470E-A3F7-D8E3D11B61CE} = {19F738F0-2738-489D-AA34-DDBCD491C1F2}
		{7E2AFA21-444A-4138-B25F-8655CAB59EA0} = {19F738F0-2738-489D-AA34-DDBCD491C1F2}
		{1CA6F863-BD6F-4712-BE7A-BDF9C2A27F24} = {19F738F0-2738-489D-AA34-DDBCD491C1F2}
	EndGlobalSection
	GlobalSection(ExtensibilityGlobals) = postSolution
		SolutionGuid = {D8D96C0C-E08F-4D5A-AA43-C00982E5AFB5}
	EndGlobalSection
EndGlobal
